// !$*UTF8*$!
{
	archiveVersion = 1;
	classes = {
	};
	objectVersion = 48;
	objects = {

/* Begin PBXBuildFile section */
		1A41C9B205717BF1EF4C8277 /* Pods_MyTestTests.framework in Frameworks */ = {isa = PBXBuildFile; fileRef = 503D36A55D8097B38A00D750 /* Pods_MyTestTests.framework */; };
		272C071124C76CF20548DD89 /* Pods_MyTest.framework in Frameworks */ = {isa = PBXBuildFile; fileRef = 63F3814EE5A7B3146ED0EB27 /* Pods_MyTest.framework */; };
		4814B72DC9EBE836FF689E22 /* Pods_MyTestUITests.framework in Frameworks */ = {isa = PBXBuildFile; fileRef = 2A826A02DF64171E57D02013 /* Pods_MyTestUITests.framework */; };
		593641742143FBF80066A795 /* InfraSampleForTest.swift in Sources */ = {isa = PBXBuildFile; fileRef = 593641732143FBF80066A795 /* InfraSampleForTest.swift */; };
		5955447720F0AAAD00ADC4D5 /* Router.swift in Sources */ = {isa = PBXBuildFile; fileRef = 5955447620F0AAAD00ADC4D5 /* Router.swift */; };
		59D5243220E68C0600C9A25A /* AppDelegate.swift in Sources */ = {isa = PBXBuildFile; fileRef = 59D5243120E68C0600C9A25A /* AppDelegate.swift */; };
		59D5243420E68C0700C9A25A /* ViewController.swift in Sources */ = {isa = PBXBuildFile; fileRef = 59D5243320E68C0600C9A25A /* ViewController.swift */; };
		59D5243720E68C0700C9A25A /* Main.storyboard in Resources */ = {isa = PBXBuildFile; fileRef = 59D5243520E68C0700C9A25A /* Main.storyboard */; };
		59D5243920E68C0700C9A25A /* Assets.xcassets in Resources */ = {isa = PBXBuildFile; fileRef = 59D5243820E68C0700C9A25A /* Assets.xcassets */; };
		59D5243C20E68C0700C9A25A /* LaunchScreen.storyboard in Resources */ = {isa = PBXBuildFile; fileRef = 59D5243A20E68C0700C9A25A /* LaunchScreen.storyboard */; };
		59D5244720E68C0700C9A25A /* MyTestTests.swift in Sources */ = {isa = PBXBuildFile; fileRef = 59D5244620E68C0700C9A25A /* MyTestTests.swift */; };
		59D5245220E68C0700C9A25A /* MyTestUITests.swift in Sources */ = {isa = PBXBuildFile; fileRef = 59D5245120E68C0700C9A25A /* MyTestUITests.swift */; };
/* End PBXBuildFile section */

/* Begin PBXContainerItemProxy section */
		59D5244320E68C0700C9A25A /* PBXContainerItemProxy */ = {
			isa = PBXContainerItemProxy;
			containerPortal = 59D5242620E68C0600C9A25A /* Project object */;
			proxyType = 1;
			remoteGlobalIDString = 59D5242D20E68C0600C9A25A;
			remoteInfo = MyTest;
		};
		59D5244E20E68C0700C9A25A /* PBXContainerItemProxy */ = {
			isa = PBXContainerItemProxy;
			containerPortal = 59D5242620E68C0600C9A25A /* Project object */;
			proxyType = 1;
			remoteGlobalIDString = 59D5242D20E68C0600C9A25A;
			remoteInfo = MyTest;
		};
/* End PBXContainerItemProxy section */

/* Begin PBXFileReference section */
		0C0C8D42209EB0D48174B12A /* Pods-MyTestUITests.debug.xcconfig */ = {isa = PBXFileReference; includeInIndex = 1; lastKnownFileType = text.xcconfig; name = "Pods-MyTestUITests.debug.xcconfig"; path = "Pods/Target Support Files/Pods-MyTestUITests/Pods-MyTestUITests.debug.xcconfig"; sourceTree = "<group>"; };
		1FA08AF51497D7AAB674C8E1 /* Pods-MyTestTests.release.xcconfig */ = {isa = PBXFileReference; includeInIndex = 1; lastKnownFileType = text.xcconfig; name = "Pods-MyTestTests.release.xcconfig"; path = "Pods/Target Support Files/Pods-MyTestTests/Pods-MyTestTests.release.xcconfig"; sourceTree = "<group>"; };
		2A826A02DF64171E57D02013 /* Pods_MyTestUITests.framework */ = {isa = PBXFileReference; explicitFileType = wrapper.framework; includeInIndex = 0; path = Pods_MyTestUITests.framework; sourceTree = BUILT_PRODUCTS_DIR; };
		42B342163FEB61A50E7FCEE7 /* Pods-MyTest.debug.xcconfig */ = {isa = PBXFileReference; includeInIndex = 1; lastKnownFileType = text.xcconfig; name = "Pods-MyTest.debug.xcconfig"; path = "Pods/Target Support Files/Pods-MyTest/Pods-MyTest.debug.xcconfig"; sourceTree = "<group>"; };
		503D36A55D8097B38A00D750 /* Pods_MyTestTests.framework */ = {isa = PBXFileReference; explicitFileType = wrapper.framework; includeInIndex = 0; path = Pods_MyTestTests.framework; sourceTree = BUILT_PRODUCTS_DIR; };
		593641732143FBF80066A795 /* InfraSampleForTest.swift */ = {isa = PBXFileReference; lastKnownFileType = sourcecode.swift; path = InfraSampleForTest.swift; sourceTree = "<group>"; };
		5955447620F0AAAD00ADC4D5 /* Router.swift */ = {isa = PBXFileReference; lastKnownFileType = sourcecode.swift; path = Router.swift; sourceTree = "<group>"; };
		59D5242E20E68C0600C9A25A /* MyTest.app */ = {isa = PBXFileReference; explicitFileType = wrapper.application; includeInIndex = 0; path = MyTest.app; sourceTree = BUILT_PRODUCTS_DIR; };
		59D5243120E68C0600C9A25A /* AppDelegate.swift */ = {isa = PBXFileReference; lastKnownFileType = sourcecode.swift; path = AppDelegate.swift; sourceTree = "<group>"; };
		59D5243320E68C0600C9A25A /* ViewController.swift */ = {isa = PBXFileReference; lastKnownFileType = sourcecode.swift; path = ViewController.swift; sourceTree = "<group>"; };
		59D5243620E68C0700C9A25A /* Base */ = {isa = PBXFileReference; lastKnownFileType = file.storyboard; name = Base; path = Base.lproj/Main.storyboard; sourceTree = "<group>"; };
		59D5243820E68C0700C9A25A /* Assets.xcassets */ = {isa = PBXFileReference; lastKnownFileType = folder.assetcatalog; path = Assets.xcassets; sourceTree = "<group>"; };
		59D5243B20E68C0700C9A25A /* Base */ = {isa = PBXFileReference; lastKnownFileType = file.storyboard; name = Base; path = Base.lproj/LaunchScreen.storyboard; sourceTree = "<group>"; };
		59D5243D20E68C0700C9A25A /* Info.plist */ = {isa = PBXFileReference; lastKnownFileType = text.plist.xml; path = Info.plist; sourceTree = "<group>"; };
		59D5244220E68C0700C9A25A /* MyTestTests.xctest */ = {isa = PBXFileReference; explicitFileType = wrapper.cfbundle; includeInIndex = 0; path = MyTestTests.xctest; sourceTree = BUILT_PRODUCTS_DIR; };
		59D5244620E68C0700C9A25A /* MyTestTests.swift */ = {isa = PBXFileReference; lastKnownFileType = sourcecode.swift; path = MyTestTests.swift; sourceTree = "<group>"; };
		59D5244820E68C0700C9A25A /* Info.plist */ = {isa = PBXFileReference; lastKnownFileType = text.plist.xml; path = Info.plist; sourceTree = "<group>"; };
		59D5244D20E68C0700C9A25A /* MyTestUITests.xctest */ = {isa = PBXFileReference; explicitFileType = wrapper.cfbundle; includeInIndex = 0; path = MyTestUITests.xctest; sourceTree = BUILT_PRODUCTS_DIR; };
		59D5245120E68C0700C9A25A /* MyTestUITests.swift */ = {isa = PBXFileReference; lastKnownFileType = sourcecode.swift; path = MyTestUITests.swift; sourceTree = "<group>"; };
		59D5245320E68C0700C9A25A /* Info.plist */ = {isa = PBXFileReference; lastKnownFileType = text.plist.xml; path = Info.plist; sourceTree = "<group>"; };
		63F3814EE5A7B3146ED0EB27 /* Pods_MyTest.framework */ = {isa = PBXFileReference; explicitFileType = wrapper.framework; includeInIndex = 0; path = Pods_MyTest.framework; sourceTree = BUILT_PRODUCTS_DIR; };
		B814745F4FD4EBD8DD0723D2 /* Pods-MyTest.release.xcconfig */ = {isa = PBXFileReference; includeInIndex = 1; lastKnownFileType = text.xcconfig; name = "Pods-MyTest.release.xcconfig"; path = "Pods/Target Support Files/Pods-MyTest/Pods-MyTest.release.xcconfig"; sourceTree = "<group>"; };
		D1BED9D5379292B1651EC796 /* Pods-MyTestUITests.release.xcconfig */ = {isa = PBXFileReference; includeInIndex = 1; lastKnownFileType = text.xcconfig; name = "Pods-MyTestUITests.release.xcconfig"; path = "Pods/Target Support Files/Pods-MyTestUITests/Pods-MyTestUITests.release.xcconfig"; sourceTree = "<group>"; };
		EAA6346D166ADD5244C4D34E /* Pods-MyTestTests.debug.xcconfig */ = {isa = PBXFileReference; includeInIndex = 1; lastKnownFileType = text.xcconfig; name = "Pods-MyTestTests.debug.xcconfig"; path = "Pods/Target Support Files/Pods-MyTestTests/Pods-MyTestTests.debug.xcconfig"; sourceTree = "<group>"; };
/* End PBXFileReference section */

/* Begin PBXFrameworksBuildPhase section */
		59D5242B20E68C0600C9A25A /* Frameworks */ = {
			isa = PBXFrameworksBuildPhase;
			buildActionMask = 2147483647;
			files = (
				272C071124C76CF20548DD89 /* Pods_MyTest.framework in Frameworks */,
			);
			runOnlyForDeploymentPostprocessing = 0;
		};
		59D5243F20E68C0700C9A25A /* Frameworks */ = {
			isa = PBXFrameworksBuildPhase;
			buildActionMask = 2147483647;
			files = (
				1A41C9B205717BF1EF4C8277 /* Pods_MyTestTests.framework in Frameworks */,
			);
			runOnlyForDeploymentPostprocessing = 0;
		};
		59D5244A20E68C0700C9A25A /* Frameworks */ = {
			isa = PBXFrameworksBuildPhase;
			buildActionMask = 2147483647;
			files = (
				4814B72DC9EBE836FF689E22 /* Pods_MyTestUITests.framework in Frameworks */,
			);
			runOnlyForDeploymentPostprocessing = 0;
		};
/* End PBXFrameworksBuildPhase section */

/* Begin PBXGroup section */
		45AEF8FD456EDAE68DB80051 /* Frameworks */ = {
			isa = PBXGroup;
			children = (
				63F3814EE5A7B3146ED0EB27 /* Pods_MyTest.framework */,
				503D36A55D8097B38A00D750 /* Pods_MyTestTests.framework */,
				2A826A02DF64171E57D02013 /* Pods_MyTestUITests.framework */,
			);
			name = Frameworks;
			sourceTree = "<group>";
		};
		59D5242520E68C0600C9A25A = {
			isa = PBXGroup;
			children = (
				59D5243020E68C0600C9A25A /* MyTest */,
				59D5244520E68C0700C9A25A /* MyTestTests */,
				59D5245020E68C0700C9A25A /* MyTestUITests */,
				59D5242F20E68C0600C9A25A /* Products */,
				D3721256CD4197E7FF77B291 /* Pods */,
				45AEF8FD456EDAE68DB80051 /* Frameworks */,
			);
			sourceTree = "<group>";
		};
		59D5242F20E68C0600C9A25A /* Products */ = {
			isa = PBXGroup;
			children = (
				59D5242E20E68C0600C9A25A /* MyTest.app */,
				59D5244220E68C0700C9A25A /* MyTestTests.xctest */,
				59D5244D20E68C0700C9A25A /* MyTestUITests.xctest */,
			);
			name = Products;
			sourceTree = "<group>";
		};
		59D5243020E68C0600C9A25A /* MyTest */ = {
			isa = PBXGroup;
			children = (
				59D5243120E68C0600C9A25A /* AppDelegate.swift */,
				59D5243320E68C0600C9A25A /* ViewController.swift */,
				59D5243520E68C0700C9A25A /* Main.storyboard */,
				59D5243820E68C0700C9A25A /* Assets.xcassets */,
				59D5243A20E68C0700C9A25A /* LaunchScreen.storyboard */,
				59D5243D20E68C0700C9A25A /* Info.plist */,
				5955447620F0AAAD00ADC4D5 /* Router.swift */,
				593641732143FBF80066A795 /* InfraSampleForTest.swift */,
			);
			path = MyTest;
			sourceTree = "<group>";
		};
		59D5244520E68C0700C9A25A /* MyTestTests */ = {
			isa = PBXGroup;
			children = (
				59D5244620E68C0700C9A25A /* MyTestTests.swift */,
				59D5244820E68C0700C9A25A /* Info.plist */,
			);
			path = MyTestTests;
			sourceTree = "<group>";
		};
		59D5245020E68C0700C9A25A /* MyTestUITests */ = {
			isa = PBXGroup;
			children = (
				59D5245120E68C0700C9A25A /* MyTestUITests.swift */,
				59D5245320E68C0700C9A25A /* Info.plist */,
			);
			path = MyTestUITests;
			sourceTree = "<group>";
		};
		D3721256CD4197E7FF77B291 /* Pods */ = {
			isa = PBXGroup;
			children = (
				42B342163FEB61A50E7FCEE7 /* Pods-MyTest.debug.xcconfig */,
				B814745F4FD4EBD8DD0723D2 /* Pods-MyTest.release.xcconfig */,
				EAA6346D166ADD5244C4D34E /* Pods-MyTestTests.debug.xcconfig */,
				1FA08AF51497D7AAB674C8E1 /* Pods-MyTestTests.release.xcconfig */,
				0C0C8D42209EB0D48174B12A /* Pods-MyTestUITests.debug.xcconfig */,
				D1BED9D5379292B1651EC796 /* Pods-MyTestUITests.release.xcconfig */,
			);
			name = Pods;
			sourceTree = "<group>";
		};
/* End PBXGroup section */

/* Begin PBXNativeTarget section */
		59D5242D20E68C0600C9A25A /* MyTest */ = {
			isa = PBXNativeTarget;
			buildConfigurationList = 59D5245620E68C0700C9A25A /* Build configuration list for PBXNativeTarget "MyTest" */;
			buildPhases = (
				0C24C0AD60CF7AA1F49D3FFD /* [CP] Check Pods Manifest.lock */,
				59D5242A20E68C0600C9A25A /* Sources */,
				59D5242B20E68C0600C9A25A /* Frameworks */,
				59D5242C20E68C0600C9A25A /* Resources */,
				3C0E1B74F487943D5769B178 /* [CP] Embed Pods Frameworks */,
			);
			buildRules = (
			);
			dependencies = (
			);
			name = MyTest;
			productName = MyTest;
			productReference = 59D5242E20E68C0600C9A25A /* MyTest.app */;
			productType = "com.apple.product-type.application";
		};
		59D5244120E68C0700C9A25A /* MyTestTests */ = {
			isa = PBXNativeTarget;
			buildConfigurationList = 59D5245920E68C0700C9A25A /* Build configuration list for PBXNativeTarget "MyTestTests" */;
			buildPhases = (
				23ED44CA42093CF16A454010 /* [CP] Check Pods Manifest.lock */,
				59D5243E20E68C0700C9A25A /* Sources */,
				59D5243F20E68C0700C9A25A /* Frameworks */,
				59D5244020E68C0700C9A25A /* Resources */,
				704E6E6C06DD15C3D4F3F809 /* [CP] Embed Pods Frameworks */,
			);
			buildRules = (
			);
			dependencies = (
				59D5244420E68C0700C9A25A /* PBXTargetDependency */,
			);
			name = MyTestTests;
			productName = MyTestTests;
			productReference = 59D5244220E68C0700C9A25A /* MyTestTests.xctest */;
			productType = "com.apple.product-type.bundle.unit-test";
		};
		59D5244C20E68C0700C9A25A /* MyTestUITests */ = {
			isa = PBXNativeTarget;
			buildConfigurationList = 59D5245C20E68C0700C9A25A /* Build configuration list for PBXNativeTarget "MyTestUITests" */;
			buildPhases = (
				732225B8432B488E03DB38B8 /* [CP] Check Pods Manifest.lock */,
				59D5244920E68C0700C9A25A /* Sources */,
				59D5244A20E68C0700C9A25A /* Frameworks */,
				59D5244B20E68C0700C9A25A /* Resources */,
				9DA6685209CFF5F4694EBBB7 /* [CP] Embed Pods Frameworks */,
			);
			buildRules = (
			);
			dependencies = (
				59D5244F20E68C0700C9A25A /* PBXTargetDependency */,
			);
			name = MyTestUITests;
			productName = MyTestUITests;
			productReference = 59D5244D20E68C0700C9A25A /* MyTestUITests.xctest */;
			productType = "com.apple.product-type.bundle.ui-testing";
		};
/* End PBXNativeTarget section */

/* Begin PBXProject section */
		59D5242620E68C0600C9A25A /* Project object */ = {
			isa = PBXProject;
			attributes = {
				LastSwiftUpdateCheck = 0920;
				LastUpgradeCheck = 0920;
				ORGANIZATIONNAME = "Yujiro Takeyama";
				TargetAttributes = {
					59D5242D20E68C0600C9A25A = {
						CreatedOnToolsVersion = 9.2;
						ProvisioningStyle = Automatic;
					};
					59D5244120E68C0700C9A25A = {
						CreatedOnToolsVersion = 9.2;
						ProvisioningStyle = Automatic;
						TestTargetID = 59D5242D20E68C0600C9A25A;
					};
					59D5244C20E68C0700C9A25A = {
						CreatedOnToolsVersion = 9.2;
						ProvisioningStyle = Automatic;
						TestTargetID = 59D5242D20E68C0600C9A25A;
					};
				};
			};
			buildConfigurationList = 59D5242920E68C0600C9A25A /* Build configuration list for PBXProject "MyTest" */;
			compatibilityVersion = "Xcode 8.0";
			developmentRegion = en;
			hasScannedForEncodings = 0;
			knownRegions = (
				en,
				Base,
			);
			mainGroup = 59D5242520E68C0600C9A25A;
			productRefGroup = 59D5242F20E68C0600C9A25A /* Products */;
			projectDirPath = "";
			projectRoot = "";
			targets = (
				59D5242D20E68C0600C9A25A /* MyTest */,
				59D5244120E68C0700C9A25A /* MyTestTests */,
				59D5244C20E68C0700C9A25A /* MyTestUITests */,
			);
		};
/* End PBXProject section */

/* Begin PBXResourcesBuildPhase section */
		59D5242C20E68C0600C9A25A /* Resources */ = {
			isa = PBXResourcesBuildPhase;
			buildActionMask = 2147483647;
			files = (
				59D5243C20E68C0700C9A25A /* LaunchScreen.storyboard in Resources */,
				59D5243920E68C0700C9A25A /* Assets.xcassets in Resources */,
				59D5243720E68C0700C9A25A /* Main.storyboard in Resources */,
			);
			runOnlyForDeploymentPostprocessing = 0;
		};
		59D5244020E68C0700C9A25A /* Resources */ = {
			isa = PBXResourcesBuildPhase;
			buildActionMask = 2147483647;
			files = (
			);
			runOnlyForDeploymentPostprocessing = 0;
		};
		59D5244B20E68C0700C9A25A /* Resources */ = {
			isa = PBXResourcesBuildPhase;
			buildActionMask = 2147483647;
			files = (
			);
			runOnlyForDeploymentPostprocessing = 0;
		};
/* End PBXResourcesBuildPhase section */

/* Begin PBXShellScriptBuildPhase section */
		0C24C0AD60CF7AA1F49D3FFD /* [CP] Check Pods Manifest.lock */ = {
			isa = PBXShellScriptBuildPhase;
			buildActionMask = 2147483647;
			files = (
			);
			inputPaths = (
				"${PODS_PODFILE_DIR_PATH}/Podfile.lock",
				"${PODS_ROOT}/Manifest.lock",
			);
			name = "[CP] Check Pods Manifest.lock";
			outputPaths = (
				"$(DERIVED_FILE_DIR)/Pods-MyTest-checkManifestLockResult.txt",
			);
			runOnlyForDeploymentPostprocessing = 0;
			shellPath = /bin/sh;
			shellScript = "diff \"${PODS_PODFILE_DIR_PATH}/Podfile.lock\" \"${PODS_ROOT}/Manifest.lock\" > /dev/null\nif [ $? != 0 ] ; then\n    # print error to STDERR\n    echo \"error: The sandbox is not in sync with the Podfile.lock. Run 'pod install' or update your CocoaPods installation.\" >&2\n    exit 1\nfi\n# This output is used by Xcode 'outputs' to avoid re-running this script phase.\necho \"SUCCESS\" > \"${SCRIPT_OUTPUT_FILE_0}\"\n";
			showEnvVarsInLog = 0;
		};
		23ED44CA42093CF16A454010 /* [CP] Check Pods Manifest.lock */ = {
			isa = PBXShellScriptBuildPhase;
			buildActionMask = 2147483647;
			files = (
			);
			inputPaths = (
				"${PODS_PODFILE_DIR_PATH}/Podfile.lock",
				"${PODS_ROOT}/Manifest.lock",
			);
			name = "[CP] Check Pods Manifest.lock";
			outputPaths = (
				"$(DERIVED_FILE_DIR)/Pods-MyTestTests-checkManifestLockResult.txt",
			);
			runOnlyForDeploymentPostprocessing = 0;
			shellPath = /bin/sh;
			shellScript = "diff \"${PODS_PODFILE_DIR_PATH}/Podfile.lock\" \"${PODS_ROOT}/Manifest.lock\" > /dev/null\nif [ $? != 0 ] ; then\n    # print error to STDERR\n    echo \"error: The sandbox is not in sync with the Podfile.lock. Run 'pod install' or update your CocoaPods installation.\" >&2\n    exit 1\nfi\n# This output is used by Xcode 'outputs' to avoid re-running this script phase.\necho \"SUCCESS\" > \"${SCRIPT_OUTPUT_FILE_0}\"\n";
			showEnvVarsInLog = 0;
		};
		3C0E1B74F487943D5769B178 /* [CP] Embed Pods Frameworks */ = {
			isa = PBXShellScriptBuildPhase;
			buildActionMask = 2147483647;
			files = (
			);
			inputPaths = (
				"${SRCROOT}/Pods/Target Support Files/Pods-MyTest/Pods-MyTest-frameworks.sh",
				"${BUILT_PRODUCTS_DIR}/Alamofire/Alamofire.framework",
				"${BUILT_PRODUCTS_DIR}/RxSwift/RxSwift.framework",
				"${BUILT_PRODUCTS_DIR}/vfrReader/vfrReader.framework",
			);
			name = "[CP] Embed Pods Frameworks";
			outputPaths = (
				"${TARGET_BUILD_DIR}/${FRAMEWORKS_FOLDER_PATH}/Alamofire.framework",
				"${TARGET_BUILD_DIR}/${FRAMEWORKS_FOLDER_PATH}/RxSwift.framework",
				"${TARGET_BUILD_DIR}/${FRAMEWORKS_FOLDER_PATH}/vfrReader.framework",
			);
			runOnlyForDeploymentPostprocessing = 0;
			shellPath = /bin/sh;
			shellScript = "\"${SRCROOT}/Pods/Target Support Files/Pods-MyTest/Pods-MyTest-frameworks.sh\"\n";
			showEnvVarsInLog = 0;
		};
		704E6E6C06DD15C3D4F3F809 /* [CP] Embed Pods Frameworks */ = {
			isa = PBXShellScriptBuildPhase;
			buildActionMask = 2147483647;
			files = (
			);
			inputPaths = (
				"${SRCROOT}/Pods/Target Support Files/Pods-MyTestTests/Pods-MyTestTests-frameworks.sh",
				"${BUILT_PRODUCTS_DIR}/Alamofire/Alamofire.framework",
				"${BUILT_PRODUCTS_DIR}/RxSwift/RxSwift.framework",
				"${BUILT_PRODUCTS_DIR}/Mockingjay/Mockingjay.framework",
				"${BUILT_PRODUCTS_DIR}/URITemplate/URITemplate.framework",
			);
			name = "[CP] Embed Pods Frameworks";
			outputPaths = (
				"${TARGET_BUILD_DIR}/${FRAMEWORKS_FOLDER_PATH}/Alamofire.framework",
				"${TARGET_BUILD_DIR}/${FRAMEWORKS_FOLDER_PATH}/RxSwift.framework",
				"${TARGET_BUILD_DIR}/${FRAMEWORKS_FOLDER_PATH}/Mockingjay.framework",
				"${TARGET_BUILD_DIR}/${FRAMEWORKS_FOLDER_PATH}/URITemplate.framework",
			);
			runOnlyForDeploymentPostprocessing = 0;
			shellPath = /bin/sh;
			shellScript = "\"${SRCROOT}/Pods/Target Support Files/Pods-MyTestTests/Pods-MyTestTests-frameworks.sh\"\n";
			showEnvVarsInLog = 0;
		};
		732225B8432B488E03DB38B8 /* [CP] Check Pods Manifest.lock */ = {
			isa = PBXShellScriptBuildPhase;
			buildActionMask = 2147483647;
			files = (
			);
			inputPaths = (
				"${PODS_PODFILE_DIR_PATH}/Podfile.lock",
				"${PODS_ROOT}/Manifest.lock",
			);
			name = "[CP] Check Pods Manifest.lock";
			outputPaths = (
				"$(DERIVED_FILE_DIR)/Pods-MyTestUITests-checkManifestLockResult.txt",
			);
			runOnlyForDeploymentPostprocessing = 0;
			shellPath = /bin/sh;
			shellScript = "diff \"${PODS_PODFILE_DIR_PATH}/Podfile.lock\" \"${PODS_ROOT}/Manifest.lock\" > /dev/null\nif [ $? != 0 ] ; then\n    # print error to STDERR\n    echo \"error: The sandbox is not in sync with the Podfile.lock. Run 'pod install' or update your CocoaPods installation.\" >&2\n    exit 1\nfi\n# This output is used by Xcode 'outputs' to avoid re-running this script phase.\necho \"SUCCESS\" > \"${SCRIPT_OUTPUT_FILE_0}\"\n";
			showEnvVarsInLog = 0;
		};
		9DA6685209CFF5F4694EBBB7 /* [CP] Embed Pods Frameworks */ = {
			isa = PBXShellScriptBuildPhase;
			buildActionMask = 2147483647;
			files = (
			);
			inputPaths = (
				"${SRCROOT}/Pods/Target Support Files/Pods-MyTestUITests/Pods-MyTestUITests-frameworks.sh",
				"${BUILT_PRODUCTS_DIR}/Alamofire/Alamofire.framework",
				"${BUILT_PRODUCTS_DIR}/RxSwift/RxSwift.framework",
			);
			name = "[CP] Embed Pods Frameworks";
			outputPaths = (
				"${TARGET_BUILD_DIR}/${FRAMEWORKS_FOLDER_PATH}/Alamofire.framework",
				"${TARGET_BUILD_DIR}/${FRAMEWORKS_FOLDER_PATH}/RxSwift.framework",
			);
			runOnlyForDeploymentPostprocessing = 0;
			shellPath = /bin/sh;
			shellScript = "\"${SRCROOT}/Pods/Target Support Files/Pods-MyTestUITests/Pods-MyTestUITests-frameworks.sh\"\n";
			showEnvVarsInLog = 0;
		};
/* End PBXShellScriptBuildPhase section */

/* Begin PBXSourcesBuildPhase section */
		59D5242A20E68C0600C9A25A /* Sources */ = {
			isa = PBXSourcesBuildPhase;
			buildActionMask = 2147483647;
			files = (
				593641742143FBF80066A795 /* InfraSampleForTest.swift in Sources */,
				59D5243420E68C0700C9A25A /* ViewController.swift in Sources */,
				5955447720F0AAAD00ADC4D5 /* Router.swift in Sources */,
				59D5243220E68C0600C9A25A /* AppDelegate.swift in Sources */,
			);
			runOnlyForDeploymentPostprocessing = 0;
		};
		59D5243E20E68C0700C9A25A /* Sources */ = {
			isa = PBXSourcesBuildPhase;
			buildActionMask = 2147483647;
			files = (
				59D5244720E68C0700C9A25A /* MyTestTests.swift in Sources */,
			);
			runOnlyForDeploymentPostprocessing = 0;
		};
		59D5244920E68C0700C9A25A /* Sources */ = {
			isa = PBXSourcesBuildPhase;
			buildActionMask = 2147483647;
			files = (
				59D5245220E68C0700C9A25A /* MyTestUITests.swift in Sources */,
			);
			runOnlyForDeploymentPostprocessing = 0;
		};
/* End PBXSourcesBuildPhase section */

/* Begin PBXTargetDependency section */
		59D5244420E68C0700C9A25A /* PBXTargetDependency */ = {
			isa = PBXTargetDependency;
			target = 59D5242D20E68C0600C9A25A /* MyTest */;
			targetProxy = 59D5244320E68C0700C9A25A /* PBXContainerItemProxy */;
		};
		59D5244F20E68C0700C9A25A /* PBXTargetDependency */ = {
			isa = PBXTargetDependency;
			target = 59D5242D20E68C0600C9A25A /* MyTest */;
			targetProxy = 59D5244E20E68C0700C9A25A /* PBXContainerItemProxy */;
		};
/* End PBXTargetDependency section */

/* Begin PBXVariantGroup section */
		59D5243520E68C0700C9A25A /* Main.storyboard */ = {
			isa = PBXVariantGroup;
			children = (
				59D5243620E68C0700C9A25A /* Base */,
			);
			name = Main.storyboard;
			sourceTree = "<group>";
		};
		59D5243A20E68C0700C9A25A /* LaunchScreen.storyboard */ = {
			isa = PBXVariantGroup;
			children = (
				59D5243B20E68C0700C9A25A /* Base */,
			);
			name = LaunchScreen.storyboard;
			sourceTree = "<group>";
		};
/* End PBXVariantGroup section */

/* Begin XCBuildConfiguration section */
		59D5245420E68C0700C9A25A /* Debug */ = {
			isa = XCBuildConfiguration;
			buildSettings = {
				ALWAYS_SEARCH_USER_PATHS = NO;
				CLANG_ANALYZER_NONNULL = YES;
				CLANG_ANALYZER_NUMBER_OBJECT_CONVERSION = YES_AGGRESSIVE;
				CLANG_CXX_LANGUAGE_STANDARD = "gnu++14";
				CLANG_CXX_LIBRARY = "libc++";
				CLANG_ENABLE_MODULES = YES;
				CLANG_ENABLE_OBJC_ARC = YES;
				CLANG_WARN_BLOCK_CAPTURE_AUTORELEASING = YES;
				CLANG_WARN_BOOL_CONVERSION = YES;
				CLANG_WARN_COMMA = YES;
				CLANG_WARN_CONSTANT_CONVERSION = YES;
				CLANG_WARN_DIRECT_OBJC_ISA_USAGE = YES_ERROR;
				CLANG_WARN_DOCUMENTATION_COMMENTS = YES;
				CLANG_WARN_EMPTY_BODY = YES;
				CLANG_WARN_ENUM_CONVERSION = YES;
				CLANG_WARN_INFINITE_RECURSION = YES;
				CLANG_WARN_INT_CONVERSION = YES;
				CLANG_WARN_NON_LITERAL_NULL_CONVERSION = YES;
				CLANG_WARN_OBJC_LITERAL_CONVERSION = YES;
				CLANG_WARN_OBJC_ROOT_CLASS = YES_ERROR;
				CLANG_WARN_RANGE_LOOP_ANALYSIS = YES;
				CLANG_WARN_STRICT_PROTOTYPES = YES;
				CLANG_WARN_SUSPICIOUS_MOVE = YES;
				CLANG_WARN_UNGUARDED_AVAILABILITY = YES_AGGRESSIVE;
				CLANG_WARN_UNREACHABLE_CODE = YES;
				CLANG_WARN__DUPLICATE_METHOD_MATCH = YES;
				CODE_SIGN_IDENTITY = "iPhone Developer";
				COPY_PHASE_STRIP = NO;
				DEBUG_INFORMATION_FORMAT = dwarf;
				ENABLE_STRICT_OBJC_MSGSEND = YES;
				ENABLE_TESTABILITY = YES;
				GCC_C_LANGUAGE_STANDARD = gnu11;
				GCC_DYNAMIC_NO_PIC = NO;
				GCC_NO_COMMON_BLOCKS = YES;
				GCC_OPTIMIZATION_LEVEL = 0;
				GCC_PREPROCESSOR_DEFINITIONS = (
					"DEBUG=1",
					"$(inherited)",
				);
				GCC_WARN_64_TO_32_BIT_CONVERSION = YES;
				GCC_WARN_ABOUT_RETURN_TYPE = YES_ERROR;
				GCC_WARN_UNDECLARED_SELECTOR = YES;
				GCC_WARN_UNINITIALIZED_AUTOS = YES_AGGRESSIVE;
				GCC_WARN_UNUSED_FUNCTION = YES;
				GCC_WARN_UNUSED_VARIABLE = YES;
				IPHONEOS_DEPLOYMENT_TARGET = 11.2;
				MTL_ENABLE_DEBUG_INFO = YES;
				ONLY_ACTIVE_ARCH = YES;
				SDKROOT = iphoneos;
				SWIFT_ACTIVE_COMPILATION_CONDITIONS = DEBUG;
				SWIFT_OPTIMIZATION_LEVEL = "-Onone";
			};
			name = Debug;
		};
		59D5245520E68C0700C9A25A /* Release */ = {
			isa = XCBuildConfiguration;
			buildSettings = {
				ALWAYS_SEARCH_USER_PATHS = NO;
				CLANG_ANALYZER_NONNULL = YES;
				CLANG_ANALYZER_NUMBER_OBJECT_CONVERSION = YES_AGGRESSIVE;
				CLANG_CXX_LANGUAGE_STANDARD = "gnu++14";
				CLANG_CXX_LIBRARY = "libc++";
				CLANG_ENABLE_MODULES = YES;
				CLANG_ENABLE_OBJC_ARC = YES;
				CLANG_WARN_BLOCK_CAPTURE_AUTORELEASING = YES;
				CLANG_WARN_BOOL_CONVERSION = YES;
				CLANG_WARN_COMMA = YES;
				CLANG_WARN_CONSTANT_CONVERSION = YES;
				CLANG_WARN_DIRECT_OBJC_ISA_USAGE = YES_ERROR;
				CLANG_WARN_DOCUMENTATION_COMMENTS = YES;
				CLANG_WARN_EMPTY_BODY = YES;
				CLANG_WARN_ENUM_CONVERSION = YES;
				CLANG_WARN_INFINITE_RECURSION = YES;
				CLANG_WARN_INT_CONVERSION = YES;
				CLANG_WARN_NON_LITERAL_NULL_CONVERSION = YES;
				CLANG_WARN_OBJC_LITERAL_CONVERSION = YES;
				CLANG_WARN_OBJC_ROOT_CLASS = YES_ERROR;
				CLANG_WARN_RANGE_LOOP_ANALYSIS = YES;
				CLANG_WARN_STRICT_PROTOTYPES = YES;
				CLANG_WARN_SUSPICIOUS_MOVE = YES;
				CLANG_WARN_UNGUARDED_AVAILABILITY = YES_AGGRESSIVE;
				CLANG_WARN_UNREACHABLE_CODE = YES;
				CLANG_WARN__DUPLICATE_METHOD_MATCH = YES;
				CODE_SIGN_IDENTITY = "iPhone Developer";
				COPY_PHASE_STRIP = NO;
				DEBUG_INFORMATION_FORMAT = "dwarf-with-dsym";
				ENABLE_NS_ASSERTIONS = NO;
				ENABLE_STRICT_OBJC_MSGSEND = YES;
				GCC_C_LANGUAGE_STANDARD = gnu11;
				GCC_NO_COMMON_BLOCKS = YES;
				GCC_WARN_64_TO_32_BIT_CONVERSION = YES;
				GCC_WARN_ABOUT_RETURN_TYPE = YES_ERROR;
				GCC_WARN_UNDECLARED_SELECTOR = YES;
				GCC_WARN_UNINITIALIZED_AUTOS = YES_AGGRESSIVE;
				GCC_WARN_UNUSED_FUNCTION = YES;
				GCC_WARN_UNUSED_VARIABLE = YES;
				IPHONEOS_DEPLOYMENT_TARGET = 11.2;
				MTL_ENABLE_DEBUG_INFO = NO;
				SDKROOT = iphoneos;
				SWIFT_OPTIMIZATION_LEVEL = "-Owholemodule";
				VALIDATE_PRODUCT = YES;
			};
			name = Release;
		};
		59D5245720E68C0700C9A25A /* Debug */ = {
			isa = XCBuildConfiguration;
			baseConfigurationReference = 42B342163FEB61A50E7FCEE7 /* Pods-MyTest.debug.xcconfig */;
			buildSettings = {
				ASSETCATALOG_COMPILER_APPICON_NAME = AppIcon;
				CODE_SIGN_STYLE = Automatic;
				INFOPLIST_FILE = MyTest/Info.plist;
				LD_RUNPATH_SEARCH_PATHS = "$(inherited) @executable_path/Frameworks";
				PRODUCT_BUNDLE_IDENTIFIER = com.MyTest;
				PRODUCT_NAME = "$(TARGET_NAME)";
				SWIFT_VERSION = 4.0;
				TARGETED_DEVICE_FAMILY = "1,2";
			};
			name = Debug;
		};
		59D5245820E68C0700C9A25A /* Release */ = {
			isa = XCBuildConfiguration;
			baseConfigurationReference = B814745F4FD4EBD8DD0723D2 /* Pods-MyTest.release.xcconfig */;
			buildSettings = {
				ASSETCATALOG_COMPILER_APPICON_NAME = AppIcon;
				CODE_SIGN_STYLE = Automatic;
				INFOPLIST_FILE = MyTest/Info.plist;
				LD_RUNPATH_SEARCH_PATHS = "$(inherited) @executable_path/Frameworks";
				PRODUCT_BUNDLE_IDENTIFIER = com.MyTest;
				PRODUCT_NAME = "$(TARGET_NAME)";
				SWIFT_VERSION = 4.0;
				TARGETED_DEVICE_FAMILY = "1,2";
			};
			name = Release;
		};
		59D5245A20E68C0700C9A25A /* Debug */ = {
			isa = XCBuildConfiguration;
			baseConfigurationReference = EAA6346D166ADD5244C4D34E /* Pods-MyTestTests.debug.xcconfig */;
			buildSettings = {
				ALWAYS_EMBED_SWIFT_STANDARD_LIBRARIES = YES;
				BUNDLE_LOADER = "$(TEST_HOST)";
				CODE_SIGN_STYLE = Automatic;
				INFOPLIST_FILE = MyTestTests/Info.plist;
				LD_RUNPATH_SEARCH_PATHS = "$(inherited) @executable_path/Frameworks @loader_path/Frameworks";
				PRODUCT_BUNDLE_IDENTIFIER = com.MyTestTests;
				PRODUCT_NAME = "$(TARGET_NAME)";
				SWIFT_VERSION = 4.0;
				TARGETED_DEVICE_FAMILY = "1,2";
				TEST_HOST = "$(BUILT_PRODUCTS_DIR)/MyTest.app/MyTest";
			};
			name = Debug;
		};
		59D5245B20E68C0700C9A25A /* Release */ = {
			isa = XCBuildConfiguration;
			baseConfigurationReference = 1FA08AF51497D7AAB674C8E1 /* Pods-MyTestTests.release.xcconfig */;
			buildSettings = {
				ALWAYS_EMBED_SWIFT_STANDARD_LIBRARIES = YES;
				BUNDLE_LOADER = "$(TEST_HOST)";
				CODE_SIGN_STYLE = Automatic;
				INFOPLIST_FILE = MyTestTests/Info.plist;
				LD_RUNPATH_SEARCH_PATHS = "$(inherited) @executable_path/Frameworks @loader_path/Frameworks";
				PRODUCT_BUNDLE_IDENTIFIER = com.MyTestTests;
				PRODUCT_NAME = "$(TARGET_NAME)";
				SWIFT_VERSION = 4.0;
				TARGETED_DEVICE_FAMILY = "1,2";
				TEST_HOST = "$(BUILT_PRODUCTS_DIR)/MyTest.app/MyTest";
			};
			name = Release;
		};
		59D5245D20E68C0700C9A25A /* Debug */ = {
			isa = XCBuildConfiguration;
			baseConfigurationReference = 0C0C8D42209EB0D48174B12A /* Pods-MyTestUITests.debug.xcconfig */;
			buildSettings = {
				ALWAYS_EMBED_SWIFT_STANDARD_LIBRARIES = YES;
				CODE_SIGN_STYLE = Automatic;
				INFOPLIST_FILE = MyTestUITests/Info.plist;
				LD_RUNPATH_SEARCH_PATHS = "$(inherited) @executable_path/Frameworks @loader_path/Frameworks";
				PRODUCT_BUNDLE_IDENTIFIER = com.MyTestUITests;
				PRODUCT_NAME = "$(TARGET_NAME)";
				SWIFT_VERSION = 4.0;
				TARGETED_DEVICE_FAMILY = "1,2";
				TEST_TARGET_NAME = MyTest;
			};
			name = Debug;
		};
		59D5245E20E68C0700C9A25A /* Release */ = {
			isa = XCBuildConfiguration;
			baseConfigurationReference = D1BED9D5379292B1651EC796 /* Pods-MyTestUITests.release.xcconfig */;
			buildSettings = {
				ALWAYS_EMBED_SWIFT_STANDARD_LIBRARIES = YES;
				CODE_SIGN_STYLE = Automatic;
				INFOPLIST_FILE = MyTestUITests/Info.plist;
				LD_RUNPATH_SEARCH_PATHS = "$(inherited) @executable_path/Frameworks @loader_path/Frameworks";
				PRODUCT_BUNDLE_IDENTIFIER = com.MyTestUITests;
				PRODUCT_NAME = "$(TARGET_NAME)";
				SWIFT_VERSION = 4.0;
				TARGETED_DEVICE_FAMILY = "1,2";
				TEST_TARGET_NAME = MyTest;
			};
			name = Release;
		};
/* End XCBuildConfiguration section */

/* Begin XCConfigurationList section */
		59D5242920E68C0600C9A25A /* Build configuration list for PBXProject "MyTest" */ = {
			isa = XCConfigurationList;
			buildConfigurations = (
				59D5245420E68C0700C9A25A /* Debug */,
				59D5245520E68C0700C9A25A /* Release */,
			);
			defaultConfigurationIsVisible = 0;
			defaultConfigurationName = Release;
		};
		59D5245620E68C0700C9A25A /* Build configuration list for PBXNativeTarget "MyTest" */ = {
			isa = XCConfigurationList;
			buildConfigurations = (
				59D5245720E68C0700C9A25A /* Debug */,
				59D5245820E68C0700C9A25A /* Release */,
			);
			defaultConfigurationIsVisible = 0;
			defaultConfigurationName = Release;
		};
		59D5245920E68C0700C9A25A /* Build configuration list for PBXNativeTarget "MyTestTests" */ = {
			isa = XCConfigurationList;
			buildConfigurations = (
				59D5245A20E68C0700C9A25A /* Debug */,
				59D5245B20E68C0700C9A25A /* Release */,
			);
			defaultConfigurationIsVisible = 0;
			defaultConfigurationName = Release;
		};
		59D5245C20E68C0700C9A25A /* Build configuration list for PBXNativeTarget "MyTestUITests" */ = {
			isa = XCConfigurationList;
			buildConfigurations = (
				59D5245D20E68C0700C9A25A /* Debug */,
				59D5245E20E68C0700C9A25A /* Release */,
			);
			defaultConfigurationIsVisible = 0;
			defaultConfigurationName = Release;
		};
/* End XCConfigurationList section */
	};
	rootObject = 59D5242620E68C0600C9A25A /* Project object */;
}
