// !$*UTF8*$!
{
	archiveVersion = 1;
	classes = {
	};
	objectVersion = 48;
	objects = {

/* Begin PBXBuildFile section */
		59D5243220E68C0600C9A25A /* AppDelegate.swift in Sources */ = {isa = PBXBuildFile; fileRef = 59D5243120E68C0600C9A25A /* AppDelegate.swift */; };
		59D5243420E68C0700C9A25A /* ViewController.swift in Sources */ = {isa = PBXBuildFile; fileRef = 59D5243320E68C0600C9A25A /* ViewController.swift */; };
		59D5243720E68C0700C9A25A /* Main.storyboard in Resources */ = {isa = PBXBuildFile; fileRef = 59D5243520E68C0700C9A25A /* Main.storyboard */; };
		59D5243920E68C0700C9A25A /* Assets.xcassets in Resources */ = {isa = PBXBuildFile; fileRef = 59D5243820E68C0700C9A25A /* Assets.xcassets */; };
		59D5243C20E68C0700C9A25A /* LaunchScreen.storyboard in Resources */ = {isa = PBXBuildFile; fileRef = 59D5243A20E68C0700C9A25A /* LaunchScreen.storyboard */; };
		59D5244720E68C0700C9A25A /* MyTestTests.swift in Sources */ = {isa = PBXBuildFile; fileRef = 59D5244620E68C0700C9A25A /* MyTestTests.swift */; };
		59D5245220E68C0700C9A25A /* MyTestUITests.swift in Sources */ = {isa = PBXBuildFile; fileRef = 59D5245120E68C0700C9A25A /* MyTestUITests.swift */; };
/* End PBXBuildFile section */

/* Begin PBXContainerItemProxy section */
		59D5244320E68C0700C9A25A /* PBXContainerItemProxy */ = {
			isa = PBXContainerItemProxy;
			containerPortal = 59D5242620E68C0600C9A25A /* Project object */;
			proxyType = 1;
			remoteGlobalIDString = 59D5242D20E68C0600C9A25A;
			remoteInfo = MyTest;
		};
		59D5244E20E68C0700C9A25A /* PBXContainerItemProxy */ = {
			isa = PBXContainerItemProxy;
			containerPortal = 59D5242620E68C0600C9A25A /* Project object */;
			proxyType = 1;
			remoteGlobalIDString = 59D5242D20E68C0600C9A25A;
			remoteInfo = MyTest;
		};
/* End PBXContainerItemProxy section */

/* Begin PBXFileReference section */
		59D5242E20E68C0600C9A25A /* MyTest.app */ = {isa = PBXFileReference; explicitFileType = wrapper.application; includeInIndex = 0; path = MyTest.app; sourceTree = BUILT_PRODUCTS_DIR; };
		59D5243120E68C0600C9A25A /* AppDelegate.swift */ = {isa = PBXFileReference; lastKnownFileType = sourcecode.swift; path = AppDelegate.swift; sourceTree = "<group>"; };
		59D5243320E68C0600C9A25A /* ViewController.swift */ = {isa = PBXFileReference; lastKnownFileType = sourcecode.swift; path = ViewController.swift; sourceTree = "<group>"; };
		59D5243620E68C0700C9A25A /* Base */ = {isa = PBXFileReference; lastKnownFileType = file.storyboard; name = Base; path = Base.lproj/Main.storyboard; sourceTree = "<group>"; };
		59D5243820E68C0700C9A25A /* Assets.xcassets */ = {isa = PBXFileReference; lastKnownFileType = folder.assetcatalog; path = Assets.xcassets; sourceTree = "<group>"; };
		59D5243B20E68C0700C9A25A /* Base */ = {isa = PBXFileReference; lastKnownFileType = file.storyboard; name = Base; path = Base.lproj/LaunchScreen.storyboard; sourceTree = "<group>"; };
		59D5243D20E68C0700C9A25A /* Info.plist */ = {isa = PBXFileReference; lastKnownFileType = text.plist.xml; path = Info.plist; sourceTree = "<group>"; };
		59D5244220E68C0700C9A25A /* MyTestTests.xctest */ = {isa = PBXFileReference; explicitFileType = wrapper.cfbundle; includeInIndex = 0; path = MyTestTests.xctest; sourceTree = BUILT_PRODUCTS_DIR; };
		59D5244620E68C0700C9A25A /* MyTestTests.swift */ = {isa = PBXFileReference; lastKnownFileType = sourcecode.swift; path = MyTestTests.swift; sourceTree = "<group>"; };
		59D5244820E68C0700C9A25A /* Info.plist */ = {isa = PBXFileReference; lastKnownFileType = text.plist.xml; path = Info.plist; sourceTree = "<group>"; };
		59D5244D20E68C0700C9A25A /* MyTestUITests.xctest */ = {isa = PBXFileReference; explicitFileType = wrapper.cfbundle; includeInIndex = 0; path = MyTestUITests.xctest; sourceTree = BUILT_PRODUCTS_DIR; };
		59D5245120E68C0700C9A25A /* MyTestUITests.swift */ = {isa = PBXFileReference; lastKnownFileType = sourcecode.swift; path = MyTestUITests.swift; sourceTree = "<group>"; };
		59D5245320E68C0700C9A25A /* Info.plist */ = {isa = PBXFileReference; lastKnownFileType = text.plist.xml; path = Info.plist; sourceTree = "<group>"; };
/* End PBXFileReference section */

/* Begin PBXFrameworksBuildPhase section */
		59D5242B20E68C0600C9A25A /* Frameworks */ = {
			isa = PBXFrameworksBuildPhase;
			buildActionMask = 2147483647;
			files = (
			);
			runOnlyForDeploymentPostprocessing = 0;
		};
		59D5243F20E68C0700C9A25A /* Frameworks */ = {
			isa = PBXFrameworksBuildPhase;
			buildActionMask = 2147483647;
			files = (
			);
			runOnlyForDeploymentPostprocessing = 0;
		};
		59D5244A20E68C0700C9A25A /* Frameworks */ = {
			isa = PBXFrameworksBuildPhase;
			buildActionMask = 2147483647;
			files = (
			);
			runOnlyForDeploymentPostprocessing = 0;
		};
/* End PBXFrameworksBuildPhase section */

/* Begin PBXGroup section */
		59D5242520E68C0600C9A25A = {
			isa = PBXGroup;
			children = (
				59D5243020E68C0600C9A25A /* MyTest */,
				59D5244520E68C0700C9A25A /* MyTestTests */,
				59D5245020E68C0700C9A25A /* MyTestUITests */,
				59D5242F20E68C0600C9A25A /* Products */,
			);
			sourceTree = "<group>";
		};
		59D5242F20E68C0600C9A25A /* Products */ = {
			isa = PBXGroup;
			children = (
				59D5242E20E68C0600C9A25A /* MyTest.app */,
				59D5244220E68C0700C9A25A /* MyTestTests.xctest */,
				59D5244D20E68C0700C9A25A /* MyTestUITests.xctest */,
			);
			name = Products;
			sourceTree = "<group>";
		};
		59D5243020E68C0600C9A25A /* MyTest */ = {
			isa = PBXGroup;
			children = (
				59D5243120E68C0600C9A25A /* AppDelegate.swift */,
				59D5243320E68C0600C9A25A /* ViewController.swift */,
				59D5243520E68C0700C9A25A /* Main.storyboard */,
				59D5243820E68C0700C9A25A /* Assets.xcassets */,
				59D5243A20E68C0700C9A25A /* LaunchScreen.storyboard */,
				59D5243D20E68C0700C9A25A /* Info.plist */,
			);
			path = MyTest;
			sourceTree = "<group>";
		};
		59D5244520E68C0700C9A25A /* MyTestTests */ = {
			isa = PBXGroup;
			children = (
				59D5244620E68C0700C9A25A /* MyTestTests.swift */,
				59D5244820E68C0700C9A25A /* Info.plist */,
			);
			path = MyTestTests;
			sourceTree = "<group>";
		};
		59D5245020E68C0700C9A25A /* MyTestUITests */ = {
			isa = PBXGroup;
			children = (
				59D5245120E68C0700C9A25A /* MyTestUITests.swift */,
				59D5245320E68C0700C9A25A /* Info.plist */,
			);
			path = MyTestUITests;
			sourceTree = "<group>";
		};
/* End PBXGroup section */

/* Begin PBXNativeTarget section */
		59D5242D20E68C0600C9A25A /* MyTest */ = {
			isa = PBXNativeTarget;
			buildConfigurationList = 59D5245620E68C0700C9A25A /* Build configuration list for PBXNativeTarget "MyTest" */;
			buildPhases = (
				59D5242A20E68C0600C9A25A /* Sources */,
				59D5242B20E68C0600C9A25A /* Frameworks */,
				59D5242C20E68C0600C9A25A /* Resources */,
			);
			buildRules = (
			);
			dependencies = (
			);
			name = MyTest;
			productName = MyTest;
			productReference = 59D5242E20E68C0600C9A25A /* MyTest.app */;
			productType = "com.apple.product-type.application";
		};
		59D5244120E68C0700C9A25A /* MyTestTests */ = {
			isa = PBXNativeTarget;
			buildConfigurationList = 59D5245920E68C0700C9A25A /* Build configuration list for PBXNativeTarget "MyTestTests" */;
			buildPhases = (
				59D5243E20E68C0700C9A25A /* Sources */,
				59D5243F20E68C0700C9A25A /* Frameworks */,
				59D5244020E68C0700C9A25A /* Resources */,
			);
			buildRules = (
			);
			dependencies = (
				59D5244420E68C0700C9A25A /* PBXTargetDependency */,
			);
			name = MyTestTests;
			productName = MyTestTests;
			productReference = 59D5244220E68C0700C9A25A /* MyTestTests.xctest */;
			productType = "com.apple.product-type.bundle.unit-test";
		};
		59D5244C20E68C0700C9A25A /* MyTestUITests */ = {
			isa = PBXNativeTarget;
			buildConfigurationList = 59D5245C20E68C0700C9A25A /* Build configuration list for PBXNativeTarget "MyTestUITests" */;
			buildPhases = (
				59D5244920E68C0700C9A25A /* Sources */,
				59D5244A20E68C0700C9A25A /* Frameworks */,
				59D5244B20E68C0700C9A25A /* Resources */,
			);
			buildRules = (
			);
			dependencies = (
				59D5244F20E68C0700C9A25A /* PBXTargetDependency */,
			);
			name = MyTestUITests;
			productName = MyTestUITests;
			productReference = 59D5244D20E68C0700C9A25A /* MyTestUITests.xctest */;
			productType = "com.apple.product-type.bundle.ui-testing";
		};
/* End PBXNativeTarget section */

/* Begin PBXProject section */
		59D5242620E68C0600C9A25A /* Project object */ = {
			isa = PBXProject;
			attributes = {
				LastSwiftUpdateCheck = 0920;
				LastUpgradeCheck = 0920;
				ORGANIZATIONNAME = "Yujiro Takeyama";
				TargetAttributes = {
					59D5242D20E68C0600C9A25A = {
						CreatedOnToolsVersion = 9.2;
						ProvisioningStyle = Automatic;
					};
					59D5244120E68C0700C9A25A = {
						CreatedOnToolsVersion = 9.2;
						ProvisioningStyle = Automatic;
						TestTargetID = 59D5242D20E68C0600C9A25A;
					};
					59D5244C20E68C0700C9A25A = {
						CreatedOnToolsVersion = 9.2;
						ProvisioningStyle = Automatic;
						TestTargetID = 59D5242D20E68C0600C9A25A;
					};
				};
			};
			buildConfigurationList = 59D5242920E68C0600C9A25A /* Build configuration list for PBXProject "MyTest" */;
			compatibilityVersion = "Xcode 8.0";
			developmentRegion = en;
			hasScannedForEncodings = 0;
			knownRegions = (
				en,
				Base,
			);
			mainGroup = 59D5242520E68C0600C9A25A;
			productRefGroup = 59D5242F20E68C0600C9A25A /* Products */;
			projectDirPath = "";
			projectRoot = "";
			targets = (
				59D5242D20E68C0600C9A25A /* MyTest */,
				59D5244120E68C0700C9A25A /* MyTestTests */,
				59D5244C20E68C0700C9A25A /* MyTestUITests */,
			);
		};
/* End PBXProject section */

/* Begin PBXResourcesBuildPhase section */
		59D5242C20E68C0600C9A25A /* Resources */ = {
			isa = PBXResourcesBuildPhase;
			buildActionMask = 2147483647;
			files = (
				59D5243C20E68C0700C9A25A /* LaunchScreen.storyboard in Resources */,
				59D5243920E68C0700C9A25A /* Assets.xcassets in Resources */,
				59D5243720E68C0700C9A25A /* Main.storyboard in Resources */,
			);
			runOnlyForDeploymentPostprocessing = 0;
		};
		59D5244020E68C0700C9A25A /* Resources */ = {
			isa = PBXResourcesBuildPhase;
			buildActionMask = 2147483647;
			files = (
			);
			runOnlyForDeploymentPostprocessing = 0;
		};
		59D5244B20E68C0700C9A25A /* Resources */ = {
			isa = PBXResourcesBuildPhase;
			buildActionMask = 2147483647;
			files = (
			);
			runOnlyForDeploymentPostprocessing = 0;
		};
/* End PBXResourcesBuildPhase section */

/* Begin PBXSourcesBuildPhase section */
		59D5242A20E68C0600C9A25A /* Sources */ = {
			isa = PBXSourcesBuildPhase;
			buildActionMask = 2147483647;
			files = (
				59D5243420E68C0700C9A25A /* ViewController.swift in Sources */,
				59D5243220E68C0600C9A25A /* AppDelegate.swift in Sources */,
			);
			runOnlyForDeploymentPostprocessing = 0;
		};
		59D5243E20E68C0700C9A25A /* Sources */ = {
			isa = PBXSourcesBuildPhase;
			buildActionMask = 2147483647;
			files = (
				59D5244720E68C0700C9A25A /* MyTestTests.swift in Sources */,
			);
			runOnlyForDeploymentPostprocessing = 0;
		};
		59D5244920E68C0700C9A25A /* Sources */ = {
			isa = PBXSourcesBuildPhase;
			buildActionMask = 2147483647;
			files = (
				59D5245220E68C0700C9A25A /* MyTestUITests.swift in Sources */,
			);
			runOnlyForDeploymentPostprocessing = 0;
		};
/* End PBXSourcesBuildPhase section */

/* Begin PBXTargetDependency section */
		59D5244420E68C0700C9A25A /* PBXTargetDependency */ = {
			isa = PBXTargetDependency;
			target = 59D5242D20E68C0600C9A25A /* MyTest */;
			targetProxy = 59D5244320E68C0700C9A25A /* PBXContainerItemProxy */;
		};
		59D5244F20E68C0700C9A25A /* PBXTargetDependency */ = {
			isa = PBXTargetDependency;
			target = 59D5242D20E68C0600C9A25A /* MyTest */;
			targetProxy = 59D5244E20E68C0700C9A25A /* PBXContainerItemProxy */;
		};
/* End PBXTargetDependency section */

/* Begin PBXVariantGroup section */
		59D5243520E68C0700C9A25A /* Main.storyboard */ = {
			isa = PBXVariantGroup;
			children = (
				59D5243620E68C0700C9A25A /* Base */,
			);
			name = Main.storyboard;
			sourceTree = "<group>";
		};
		59D5243A20E68C0700C9A25A /* LaunchScreen.storyboard */ = {
			isa = PBXVariantGroup;
			children = (
				59D5243B20E68C0700C9A25A /* Base */,
			);
			name = LaunchScreen.storyboard;
			sourceTree = "<group>";
		};
/* End PBXVariantGroup section */

/* Begin XCBuildConfiguration section */
		59D5245420E68C0700C9A25A /* Debug */ = {
			isa = XCBuildConfiguration;
			buildSettings = {
				ALWAYS_SEARCH_USER_PATHS = NO;
				CLANG_ANALYZER_NONNULL = YES;
				CLANG_ANALYZER_NUMBER_OBJECT_CONVERSION = YES_AGGRESSIVE;
				CLANG_CXX_LANGUAGE_STANDARD = "gnu++14";
				CLANG_CXX_LIBRARY = "libc++";
				CLANG_ENABLE_MODULES = YES;
				CLANG_ENABLE_OBJC_ARC = YES;
				CLANG_WARN_BLOCK_CAPTURE_AUTORELEASING = YES;
				CLANG_WARN_BOOL_CONVERSION = YES;
				CLANG_WARN_COMMA = YES;
				CLANG_WARN_CONSTANT_CONVERSION = YES;
				CLANG_WARN_DIRECT_OBJC_ISA_USAGE = YES_ERROR;
				CLANG_WARN_DOCUMENTATION_COMMENTS = YES;
				CLANG_WARN_EMPTY_BODY = YES;
				CLANG_WARN_ENUM_CONVERSION = YES;
				CLANG_WARN_INFINITE_RECURSION = YES;
				CLANG_WARN_INT_CONVERSION = YES;
				CLANG_WARN_NON_LITERAL_NULL_CONVERSION = YES;
				CLANG_WARN_OBJC_LITERAL_CONVERSION = YES;
				CLANG_WARN_OBJC_ROOT_CLASS = YES_ERROR;
				CLANG_WARN_RANGE_LOOP_ANALYSIS = YES;
				CLANG_WARN_STRICT_PROTOTYPES = YES;
				CLANG_WARN_SUSPICIOUS_MOVE = YES;
				CLANG_WARN_UNGUARDED_AVAILABILITY = YES_AGGRESSIVE;
				CLANG_WARN_UNREACHABLE_CODE = YES;
				CLANG_WARN__DUPLICATE_METHOD_MATCH = YES;
				CODE_SIGN_IDENTITY = "iPhone Developer";
				COPY_PHASE_STRIP = NO;
				DEBUG_INFORMATION_FORMAT = dwarf;
				ENABLE_STRICT_OBJC_MSGSEND = YES;
				ENABLE_TESTABILITY = YES;
				GCC_C_LANGUAGE_STANDARD = gnu11;
				GCC_DYNAMIC_NO_PIC = NO;
				GCC_NO_COMMON_BLOCKS = YES;
				GCC_OPTIMIZATION_LEVEL = 0;
				GCC_PREPROCESSOR_DEFINITIONS = (
					"DEBUG=1",
					"$(inherited)",
				);
				GCC_WARN_64_TO_32_BIT_CONVERSION = YES;
				GCC_WARN_ABOUT_RETURN_TYPE = YES_ERROR;
				GCC_WARN_UNDECLARED_SELECTOR = YES;
				GCC_WARN_UNINITIALIZED_AUTOS = YES_AGGRESSIVE;
				GCC_WARN_UNUSED_FUNCTION = YES;
				GCC_WARN_UNUSED_VARIABLE = YES;
				IPHONEOS_DEPLOYMENT_TARGET = 11.2;
				MTL_ENABLE_DEBUG_INFO = YES;
				ONLY_ACTIVE_ARCH = YES;
				SDKROOT = iphoneos;
				SWIFT_ACTIVE_COMPILATION_CONDITIONS = DEBUG;
				SWIFT_OPTIMIZATION_LEVEL = "-Onone";
			};
			name = Debug;
		};
		59D5245520E68C0700C9A25A /* Release */ = {
			isa = XCBuildConfiguration;
			buildSettings = {
				ALWAYS_SEARCH_USER_PATHS = NO;
				CLANG_ANALYZER_NONNULL = YES;
				CLANG_ANALYZER_NUMBER_OBJECT_CONVERSION = YES_AGGRESSIVE;
				CLANG_CXX_LANGUAGE_STANDARD = "gnu++14";
				CLANG_CXX_LIBRARY = "libc++";
				CLANG_ENABLE_MODULES = YES;
				CLANG_ENABLE_OBJC_ARC = YES;
				CLANG_WARN_BLOCK_CAPTURE_AUTORELEASING = YES;
				CLANG_WARN_BOOL_CONVERSION = YES;
				CLANG_WARN_COMMA = YES;
				CLANG_WARN_CONSTANT_CONVERSION = YES;
				CLANG_WARN_DIRECT_OBJC_ISA_USAGE = YES_ERROR;
				CLANG_WARN_DOCUMENTATION_COMMENTS = YES;
				CLANG_WARN_EMPTY_BODY = YES;
				CLANG_WARN_ENUM_CONVERSION = YES;
				CLANG_WARN_INFINITE_RECURSION = YES;
				CLANG_WARN_INT_CONVERSION = YES;
				CLANG_WARN_NON_LITERAL_NULL_CONVERSION = YES;
				CLANG_WARN_OBJC_LITERAL_CONVERSION = YES;
				CLANG_WARN_OBJC_ROOT_CLASS = YES_ERROR;
				CLANG_WARN_RANGE_LOOP_ANALYSIS = YES;
				CLANG_WARN_STRICT_PROTOTYPES = YES;
				CLANG_WARN_SUSPICIOUS_MOVE = YES;
				CLANG_WARN_UNGUARDED_AVAILABILITY = YES_AGGRESSIVE;
				CLANG_WARN_UNREACHABLE_CODE = YES;
				CLANG_WARN__DUPLICATE_METHOD_MATCH = YES;
				CODE_SIGN_IDENTITY = "iPhone Developer";
				COPY_PHASE_STRIP = NO;
				DEBUG_INFORMATION_FORMAT = "dwarf-with-dsym";
				ENABLE_NS_ASSERTIONS = NO;
				ENABLE_STRICT_OBJC_MSGSEND = YES;
				GCC_C_LANGUAGE_STANDARD = gnu11;
				GCC_NO_COMMON_BLOCKS = YES;
				GCC_WARN_64_TO_32_BIT_CONVERSION = YES;
				GCC_WARN_ABOUT_RETURN_TYPE = YES_ERROR;
				GCC_WARN_UNDECLARED_SELECTOR = YES;
				GCC_WARN_UNINITIALIZED_AUTOS = YES_AGGRESSIVE;
				GCC_WARN_UNUSED_FUNCTION = YES;
				GCC_WARN_UNUSED_VARIABLE = YES;
				IPHONEOS_DEPLOYMENT_TARGET = 11.2;
				MTL_ENABLE_DEBUG_INFO = NO;
				SDKROOT = iphoneos;
				SWIFT_OPTIMIZATION_LEVEL = "-Owholemodule";
				VALIDATE_PRODUCT = YES;
			};
			name = Release;
		};
		59D5245720E68C0700C9A25A /* Debug */ = {
			isa = XCBuildConfiguration;
			buildSettings = {
				ASSETCATALOG_COMPILER_APPICON_NAME = AppIcon;
				CODE_SIGN_STYLE = Automatic;
				INFOPLIST_FILE = MyTest/Info.plist;
				LD_RUNPATH_SEARCH_PATHS = "$(inherited) @executable_path/Frameworks";
				PRODUCT_BUNDLE_IDENTIFIER = com.MyTest;
				PRODUCT_NAME = "$(TARGET_NAME)";
				SWIFT_VERSION = 4.0;
				TARGETED_DEVICE_FAMILY = "1,2";
			};
			name = Debug;
		};
		59D5245820E68C0700C9A25A /* Release */ = {
			isa = XCBuildConfiguration;
			buildSettings = {
				ASSETCATALOG_COMPILER_APPICON_NAME = AppIcon;
				CODE_SIGN_STYLE = Automatic;
				INFOPLIST_FILE = MyTest/Info.plist;
				LD_RUNPATH_SEARCH_PATHS = "$(inherited) @executable_path/Frameworks";
				PRODUCT_BUNDLE_IDENTIFIER = com.MyTest;
				PRODUCT_NAME = "$(TARGET_NAME)";
				SWIFT_VERSION = 4.0;
				TARGETED_DEVICE_FAMILY = "1,2";
			};
			name = Release;
		};
		59D5245A20E68C0700C9A25A /* Debug */ = {
			isa = XCBuildConfiguration;
			buildSettings = {
				ALWAYS_EMBED_SWIFT_STANDARD_LIBRARIES = YES;
				BUNDLE_LOADER = "$(TEST_HOST)";
				CODE_SIGN_STYLE = Automatic;
				INFOPLIST_FILE = MyTestTests/Info.plist;
				LD_RUNPATH_SEARCH_PATHS = "$(inherited) @executable_path/Frameworks @loader_path/Frameworks";
				PRODUCT_BUNDLE_IDENTIFIER = com.MyTestTests;
				PRODUCT_NAME = "$(TARGET_NAME)";
				SWIFT_VERSION = 4.0;
				TARGETED_DEVICE_FAMILY = "1,2";
				TEST_HOST = "$(BUILT_PRODUCTS_DIR)/MyTest.app/MyTest";
			};
			name = Debug;
		};
		59D5245B20E68C0700C9A25A /* Release */ = {
			isa = XCBuildConfiguration;
			buildSettings = {
				ALWAYS_EMBED_SWIFT_STANDARD_LIBRARIES = YES;
				BUNDLE_LOADER = "$(TEST_HOST)";
				CODE_SIGN_STYLE = Automatic;
				INFOPLIST_FILE = MyTestTests/Info.plist;
				LD_RUNPATH_SEARCH_PATHS = "$(inherited) @executable_path/Frameworks @loader_path/Frameworks";
				PRODUCT_BUNDLE_IDENTIFIER = com.MyTestTests;
				PRODUCT_NAME = "$(TARGET_NAME)";
				SWIFT_VERSION = 4.0;
				TARGETED_DEVICE_FAMILY = "1,2";
				TEST_HOST = "$(BUILT_PRODUCTS_DIR)/MyTest.app/MyTest";
			};
			name = Release;
		};
		59D5245D20E68C0700C9A25A /* Debug */ = {
			isa = XCBuildConfiguration;
			buildSettings = {
				ALWAYS_EMBED_SWIFT_STANDARD_LIBRARIES = YES;
				CODE_SIGN_STYLE = Automatic;
				INFOPLIST_FILE = MyTestUITests/Info.plist;
				LD_RUNPATH_SEARCH_PATHS = "$(inherited) @executable_path/Frameworks @loader_path/Frameworks";
				PRODUCT_BUNDLE_IDENTIFIER = com.MyTestUITests;
				PRODUCT_NAME = "$(TARGET_NAME)";
				SWIFT_VERSION = 4.0;
				TARGETED_DEVICE_FAMILY = "1,2";
				TEST_TARGET_NAME = MyTest;
			};
			name = Debug;
		};
		59D5245E20E68C0700C9A25A /* Release */ = {
			isa = XCBuildConfiguration;
			buildSettings = {
				ALWAYS_EMBED_SWIFT_STANDARD_LIBRARIES = YES;
				CODE_SIGN_STYLE = Automatic;
				INFOPLIST_FILE = MyTestUITests/Info.plist;
				LD_RUNPATH_SEARCH_PATHS = "$(inherited) @executable_path/Frameworks @loader_path/Frameworks";
				PRODUCT_BUNDLE_IDENTIFIER = com.MyTestUITests;
				PRODUCT_NAME = "$(TARGET_NAME)";
				SWIFT_VERSION = 4.0;
				TARGETED_DEVICE_FAMILY = "1,2";
				TEST_TARGET_NAME = MyTest;
			};
			name = Release;
		};
/* End XCBuildConfiguration section */

/* Begin XCConfigurationList section */
		59D5242920E68C0600C9A25A /* Build configuration list for PBXProject "MyTest" */ = {
			isa = XCConfigurationList;
			buildConfigurations = (
				59D5245420E68C0700C9A25A /* Debug */,
				59D5245520E68C0700C9A25A /* Release */,
			);
			defaultConfigurationIsVisible = 0;
			defaultConfigurationName = Release;
		};
		59D5245620E68C0700C9A25A /* Build configuration list for PBXNativeTarget "MyTest" */ = {
			isa = XCConfigurationList;
			buildConfigurations = (
				59D5245720E68C0700C9A25A /* Debug */,
				59D5245820E68C0700C9A25A /* Release */,
			);
			defaultConfigurationIsVisible = 0;
			defaultConfigurationName = Release;
		};
		59D5245920E68C0700C9A25A /* Build configuration list for PBXNativeTarget "MyTestTests" */ = {
			isa = XCConfigurationList;
			buildConfigurations = (
				59D5245A20E68C0700C9A25A /* Debug */,
				59D5245B20E68C0700C9A25A /* Release */,
			);
			defaultConfigurationIsVisible = 0;
			defaultConfigurationName = Release;
		};
		59D5245C20E68C0700C9A25A /* Build configuration list for PBXNativeTarget "MyTestUITests" */ = {
			isa = XCConfigurationList;
			buildConfigurations = (
				59D5245D20E68C0700C9A25A /* Debug */,
				59D5245E20E68C0700C9A25A /* Release */,
			);
			defaultConfigurationIsVisible = 0;
			defaultConfigurationName = Release;
		};
/* End XCConfigurationList section */
	};
	rootObject = 59D5242620E68C0600C9A25A /* Project object */;
}
